
Microsoft Visual Studio Solution File, Format Version 12.00
# Visual Studio Version 17
VisualStudioVersion = 17.9.34622.214
MinimumVisualStudioVersion = 10.0.40219.1
Project("{FAE04EC0-301F-11D3-BF4B-00C04F79EFBC}") = "DEMO", "DEMO\DEMO.csproj", "{689E29C2-90F5-4AD3-B181-85B19205D771}"
EndProject
Global
	GlobalSection(SolutionConfigurationPlatforms) = preSolution
		Debug|Any CPU = Debug|Any CPU
		Release|Any CPU = Release|Any CPU
	EndGlobalSection
	GlobalSection(ProjectConfigurationPlatforms) = postSolution
		{689E29C2-90F5-4AD3-B181-85B19205D771}.Debug|Any CPU.ActiveCfg = Debug|Any CPU
		{689E29C2-90F5-4AD3-B181-85B19205D771}.Debug|Any CPU.Build.0 = Debug|Any CPU
		{689E29C2-90F5-4AD3-B181-85B19205D771}.Release|Any CPU.ActiveCfg = Release|Any CPU
		{689E29C2-90F5-4AD3-B181-85B19205D771}.Release|Any CPU.Build.0 = Release|Any CPU
	EndGlobalSection
	GlobalSection(SolutionProperties) = preSolution
		HideSolutionNode = FALSE
	EndGlobalSection
	GlobalSection(ExtensibilityGlobals) = postSolution
		SolutionGuid = {7C803113-2C44-4F3B-8D22-BA8B903B5EC9}
	EndGlobalSection
EndGlobal
